// !$*UTF8*$!
{
	archiveVersion = 1;
	classes = {
	};
	objectVersion = 46;
	objects = {

/* Begin PBXBuildFile section */
		3576BE581EF90F70005D5F57 /* main.m in Sources */ = {isa = PBXBuildFile; fileRef = 3576BE571EF90F70005D5F57 /* main.m */; };
		3576BE5B1EF90F70005D5F57 /* AppDelegate.m in Sources */ = {isa = PBXBuildFile; fileRef = 3576BE5A1EF90F70005D5F57 /* AppDelegate.m */; };
		3576BE5E1EF90F70005D5F57 /* ViewController.m in Sources */ = {isa = PBXBuildFile; fileRef = 3576BE5D1EF90F70005D5F57 /* ViewController.m */; };
		3576BE611EF90F70005D5F57 /* Main.storyboard in Resources */ = {isa = PBXBuildFile; fileRef = 3576BE5F1EF90F70005D5F57 /* Main.storyboard */; };
		3576BE631EF90F70005D5F57 /* Assets.xcassets in Resources */ = {isa = PBXBuildFile; fileRef = 3576BE621EF90F70005D5F57 /* Assets.xcassets */; };
		3576BE661EF90F70005D5F57 /* LaunchScreen.storyboard in Resources */ = {isa = PBXBuildFile; fileRef = 3576BE641EF90F70005D5F57 /* LaunchScreen.storyboard */; };
		3576BE731EF91068005D5F57 /* Interface.storyboard in Resources */ = {isa = PBXBuildFile; fileRef = 3576BE711EF91068005D5F57 /* Interface.storyboard */; };
		3576BE751EF91068005D5F57 /* Assets.xcassets in Resources */ = {isa = PBXBuildFile; fileRef = 3576BE741EF91068005D5F57 /* Assets.xcassets */; };
		3576BE7C1EF91069005D5F57 /* Watch_objc Extension.appex in Embed App Extensions */ = {isa = PBXBuildFile; fileRef = 3576BE7B1EF91068005D5F57 /* Watch_objc Extension.appex */; settings = {ATTRIBUTES = (RemoveHeadersOnCopy, ); }; };
		3576BE841EF91069005D5F57 /* InterfaceController.m in Sources */ = {isa = PBXBuildFile; fileRef = 3576BE831EF91069005D5F57 /* InterfaceController.m */; };
		3576BE871EF91069005D5F57 /* ExtensionDelegate.m in Sources */ = {isa = PBXBuildFile; fileRef = 3576BE861EF91069005D5F57 /* ExtensionDelegate.m */; };
		3576BE8A1EF91069005D5F57 /* NotificationController.m in Sources */ = {isa = PBXBuildFile; fileRef = 3576BE891EF91069005D5F57 /* NotificationController.m */; };
		3576BE8C1EF91069005D5F57 /* Assets.xcassets in Resources */ = {isa = PBXBuildFile; fileRef = 3576BE8B1EF91069005D5F57 /* Assets.xcassets */; };
		3576BE901EF91069005D5F57 /* Watch_objc.app in Embed Watch Content */ = {isa = PBXBuildFile; fileRef = 3576BE6F1EF91068005D5F57 /* Watch_objc.app */; };
		3576BEC61EF91164005D5F57 /* HiSchool.m in Sources */ = {isa = PBXBuildFile; fileRef = 3576BEC51EF91164005D5F57 /* HiSchool.m */; };
		3576BEC91EF9116A005D5F57 /* HiSchoolCell.m in Sources */ = {isa = PBXBuildFile; fileRef = 3576BEC81EF9116A005D5F57 /* HiSchoolCell.m */; };
/* End PBXBuildFile section */

/* Begin PBXContainerItemProxy section */
		3576BE7D1EF91069005D5F57 /* PBXContainerItemProxy */ = {
			isa = PBXContainerItemProxy;
			containerPortal = 3576BE4B1EF90F70005D5F57 /* Project object */;
			proxyType = 1;
			remoteGlobalIDString = 3576BE7A1EF91068005D5F57;
			remoteInfo = "Watch_objc Extension";
		};
		3576BE8E1EF91069005D5F57 /* PBXContainerItemProxy */ = {
			isa = PBXContainerItemProxy;
			containerPortal = 3576BE4B1EF90F70005D5F57 /* Project object */;
			proxyType = 1;
			remoteGlobalIDString = 3576BE6E1EF91068005D5F57;
			remoteInfo = Watch_objc;
		};
/* End PBXContainerItemProxy section */

/* Begin PBXCopyFilesBuildPhase section */
		3576BE961EF91069005D5F57 /* Embed App Extensions */ = {
			isa = PBXCopyFilesBuildPhase;
			buildActionMask = 2147483647;
			dstPath = "";
			dstSubfolderSpec = 13;
			files = (
				3576BE7C1EF91069005D5F57 /* Watch_objc Extension.appex in Embed App Extensions */,
			);
			name = "Embed App Extensions";
			runOnlyForDeploymentPostprocessing = 0;
		};
		3576BE981EF91069005D5F57 /* Embed Watch Content */ = {
			isa = PBXCopyFilesBuildPhase;
			buildActionMask = 2147483647;
			dstPath = "$(CONTENTS_FOLDER_PATH)/Watch";
			dstSubfolderSpec = 16;
			files = (
				3576BE901EF91069005D5F57 /* Watch_objc.app in Embed Watch Content */,
			);
			name = "Embed Watch Content";
			runOnlyForDeploymentPostprocessing = 0;
		};
/* End PBXCopyFilesBuildPhase section */

/* Begin PBXFileReference section */
		3576BE531EF90F70005D5F57 /* XLsn0wWatchKit_objc.app */ = {isa = PBXFileReference; explicitFileType = wrapper.application; includeInIndex = 0; path = XLsn0wWatchKit_objc.app; sourceTree = BUILT_PRODUCTS_DIR; };
		3576BE571EF90F70005D5F57 /* main.m */ = {isa = PBXFileReference; lastKnownFileType = sourcecode.c.objc; path = main.m; sourceTree = "<group>"; };
		3576BE591EF90F70005D5F57 /* AppDelegate.h */ = {isa = PBXFileReference; lastKnownFileType = sourcecode.c.h; path = AppDelegate.h; sourceTree = "<group>"; };
		3576BE5A1EF90F70005D5F57 /* AppDelegate.m */ = {isa = PBXFileReference; lastKnownFileType = sourcecode.c.objc; path = AppDelegate.m; sourceTree = "<group>"; };
		3576BE5C1EF90F70005D5F57 /* ViewController.h */ = {isa = PBXFileReference; lastKnownFileType = sourcecode.c.h; path = ViewController.h; sourceTree = "<group>"; };
		3576BE5D1EF90F70005D5F57 /* ViewController.m */ = {isa = PBXFileReference; lastKnownFileType = sourcecode.c.objc; path = ViewController.m; sourceTree = "<group>"; };
		3576BE601EF90F70005D5F57 /* Base */ = {isa = PBXFileReference; lastKnownFileType = file.storyboard; name = Base; path = Base.lproj/Main.storyboard; sourceTree = "<group>"; };
		3576BE621EF90F70005D5F57 /* Assets.xcassets */ = {isa = PBXFileReference; lastKnownFileType = folder.assetcatalog; path = Assets.xcassets; sourceTree = "<group>"; };
		3576BE651EF90F70005D5F57 /* Base */ = {isa = PBXFileReference; lastKnownFileType = file.storyboard; name = Base; path = Base.lproj/LaunchScreen.storyboard; sourceTree = "<group>"; };
		3576BE671EF90F70005D5F57 /* Info.plist */ = {isa = PBXFileReference; lastKnownFileType = text.plist.xml; path = Info.plist; sourceTree = "<group>"; };
		3576BE6F1EF91068005D5F57 /* Watch_objc.app */ = {isa = PBXFileReference; explicitFileType = wrapper.application; includeInIndex = 0; path = Watch_objc.app; sourceTree = BUILT_PRODUCTS_DIR; };
		3576BE721EF91068005D5F57 /* Base */ = {isa = PBXFileReference; lastKnownFileType = file.storyboard; name = Base; path = Base.lproj/Interface.storyboard; sourceTree = "<group>"; };
		3576BE741EF91068005D5F57 /* Assets.xcassets */ = {isa = PBXFileReference; lastKnownFileType = folder.assetcatalog; path = Assets.xcassets; sourceTree = "<group>"; };
		3576BE761EF91068005D5F57 /* Info.plist */ = {isa = PBXFileReference; lastKnownFileType = text.plist.xml; path = Info.plist; sourceTree = "<group>"; };
		3576BE7B1EF91068005D5F57 /* Watch_objc Extension.appex */ = {isa = PBXFileReference; explicitFileType = "wrapper.app-extension"; includeInIndex = 0; path = "Watch_objc Extension.appex"; sourceTree = BUILT_PRODUCTS_DIR; };
		3576BE811EF91069005D5F57 /* PushNotificationPayload.apns */ = {isa = PBXFileReference; lastKnownFileType = text; path = PushNotificationPayload.apns; sourceTree = "<group>"; };
		3576BE821EF91069005D5F57 /* InterfaceController.h */ = {isa = PBXFileReference; lastKnownFileType = sourcecode.c.h; path = InterfaceController.h; sourceTree = "<group>"; };
		3576BE831EF91069005D5F57 /* InterfaceController.m */ = {isa = PBXFileReference; lastKnownFileType = sourcecode.c.objc; path = InterfaceController.m; sourceTree = "<group>"; };
		3576BE851EF91069005D5F57 /* ExtensionDelegate.h */ = {isa = PBXFileReference; lastKnownFileType = sourcecode.c.h; path = ExtensionDelegate.h; sourceTree = "<group>"; };
		3576BE861EF91069005D5F57 /* ExtensionDelegate.m */ = {isa = PBXFileReference; lastKnownFileType = sourcecode.c.objc; path = ExtensionDelegate.m; sourceTree = "<group>"; };
		3576BE881EF91069005D5F57 /* NotificationController.h */ = {isa = PBXFileReference; lastKnownFileType = sourcecode.c.h; path = NotificationController.h; sourceTree = "<group>"; };
		3576BE891EF91069005D5F57 /* NotificationController.m */ = {isa = PBXFileReference; lastKnownFileType = sourcecode.c.objc; path = NotificationController.m; sourceTree = "<group>"; };
		3576BE8B1EF91069005D5F57 /* Assets.xcassets */ = {isa = PBXFileReference; lastKnownFileType = folder.assetcatalog; path = Assets.xcassets; sourceTree = "<group>"; };
		3576BE8D1EF91069005D5F57 /* Info.plist */ = {isa = PBXFileReference; lastKnownFileType = text.plist.xml; path = Info.plist; sourceTree = "<group>"; };
		3576BEC41EF91164005D5F57 /* HiSchool.h */ = {isa = PBXFileReference; fileEncoding = 4; lastKnownFileType = sourcecode.c.h; path = HiSchool.h; sourceTree = "<group>"; };
		3576BEC51EF91164005D5F57 /* HiSchool.m */ = {isa = PBXFileReference; fileEncoding = 4; lastKnownFileType = sourcecode.c.objc; path = HiSchool.m; sourceTree = "<group>"; };
		3576BEC71EF9116A005D5F57 /* HiSchoolCell.h */ = {isa = PBXFileReference; fileEncoding = 4; lastKnownFileType = sourcecode.c.h; path = HiSchoolCell.h; sourceTree = "<group>"; };
		3576BEC81EF9116A005D5F57 /* HiSchoolCell.m */ = {isa = PBXFileReference; fileEncoding = 4; lastKnownFileType = sourcecode.c.objc; path = HiSchoolCell.m; sourceTree = "<group>"; };
/* End PBXFileReference section */

/* Begin PBXFrameworksBuildPhase section */
		3576BE501EF90F70005D5F57 /* Frameworks */ = {
			isa = PBXFrameworksBuildPhase;
			buildActionMask = 2147483647;
			files = (
			);
			runOnlyForDeploymentPostprocessing = 0;
		};
		3576BE781EF91068005D5F57 /* Frameworks */ = {
			isa = PBXFrameworksBuildPhase;
			buildActionMask = 2147483647;
			files = (
			);
			runOnlyForDeploymentPostprocessing = 0;
		};
/* End PBXFrameworksBuildPhase section */

/* Begin PBXGroup section */
		3576BE4A1EF90F70005D5F57 = {
			isa = PBXGroup;
			children = (
				3576BE551EF90F70005D5F57 /* XLsn0wWatchKit_objc */,
				3576BE701EF91068005D5F57 /* Watch_objc */,
				3576BE7F1EF91069005D5F57 /* Watch_objc Extension */,
				3576BE541EF90F70005D5F57 /* Products */,
			);
			sourceTree = "<group>";
		};
		3576BE541EF90F70005D5F57 /* Products */ = {
			isa = PBXGroup;
			children = (
				3576BE531EF90F70005D5F57 /* XLsn0wWatchKit_objc.app */,
				3576BE6F1EF91068005D5F57 /* Watch_objc.app */,
				3576BE7B1EF91068005D5F57 /* Watch_objc Extension.appex */,
			);
			name = Products;
			sourceTree = "<group>";
		};
		3576BE551EF90F70005D5F57 /* XLsn0wWatchKit_objc */ = {
			isa = PBXGroup;
			children = (
				3576BE591EF90F70005D5F57 /* AppDelegate.h */,
				3576BE5A1EF90F70005D5F57 /* AppDelegate.m */,
				3576BE5C1EF90F70005D5F57 /* ViewController.h */,
				3576BE5D1EF90F70005D5F57 /* ViewController.m */,
				3576BE5F1EF90F70005D5F57 /* Main.storyboard */,
				3576BE621EF90F70005D5F57 /* Assets.xcassets */,
				3576BE641EF90F70005D5F57 /* LaunchScreen.storyboard */,
				3576BE671EF90F70005D5F57 /* Info.plist */,
				3576BE561EF90F70005D5F57 /* Supporting Files */,
			);
			path = XLsn0wWatchKit_objc;
			sourceTree = "<group>";
		};
		3576BE561EF90F70005D5F57 /* Supporting Files */ = {
			isa = PBXGroup;
			children = (
				3576BE571EF90F70005D5F57 /* main.m */,
			);
			name = "Supporting Files";
			sourceTree = "<group>";
		};
		3576BE701EF91068005D5F57 /* Watch_objc */ = {
			isa = PBXGroup;
			children = (
				3576BE711EF91068005D5F57 /* Interface.storyboard */,
				3576BE741EF91068005D5F57 /* Assets.xcassets */,
				3576BE761EF91068005D5F57 /* Info.plist */,
			);
			path = Watch_objc;
			sourceTree = "<group>";
		};
		3576BE7F1EF91069005D5F57 /* Watch_objc Extension */ = {
			isa = PBXGroup;
			children = (
				3576BE821EF91069005D5F57 /* InterfaceController.h */,
				3576BE831EF91069005D5F57 /* InterfaceController.m */,
				3576BE851EF91069005D5F57 /* ExtensionDelegate.h */,
				3576BE861EF91069005D5F57 /* ExtensionDelegate.m */,
				3576BE881EF91069005D5F57 /* NotificationController.h */,
				3576BE891EF91069005D5F57 /* NotificationController.m */,
				3576BEC31EF9115B005D5F57 /* View */,
				3576BEC21EF91146005D5F57 /* Model */,
				3576BE8B1EF91069005D5F57 /* Assets.xcassets */,
				3576BE8D1EF91069005D5F57 /* Info.plist */,
				3576BE801EF91069005D5F57 /* Supporting Files */,
			);
			path = "Watch_objc Extension";
			sourceTree = "<group>";
		};
		3576BE801EF91069005D5F57 /* Supporting Files */ = {
			isa = PBXGroup;
			children = (
				3576BE811EF91069005D5F57 /* PushNotificationPayload.apns */,
			);
			name = "Supporting Files";
			sourceTree = "<group>";
		};
		3576BEC21EF91146005D5F57 /* Model */ = {
			isa = PBXGroup;
			children = (
				3576BEC41EF91164005D5F57 /* HiSchool.h */,
				3576BEC51EF91164005D5F57 /* HiSchool.m */,
			);
			path = Model;
			sourceTree = "<group>";
		};
		3576BEC31EF9115B005D5F57 /* View */ = {
			isa = PBXGroup;
			children = (
				3576BEC71EF9116A005D5F57 /* HiSchoolCell.h */,
				3576BEC81EF9116A005D5F57 /* HiSchoolCell.m */,
			);
			path = View;
			sourceTree = "<group>";
		};
/* End PBXGroup section */

/* Begin PBXNativeTarget section */
		3576BE521EF90F70005D5F57 /* XLsn0wWatchKit_objc */ = {
			isa = PBXNativeTarget;
			buildConfigurationList = 3576BE6A1EF90F70005D5F57 /* Build configuration list for PBXNativeTarget "XLsn0wWatchKit_objc" */;
			buildPhases = (
				3576BE4F1EF90F70005D5F57 /* Sources */,
				3576BE501EF90F70005D5F57 /* Frameworks */,
				3576BE511EF90F70005D5F57 /* Resources */,
				3576BE981EF91069005D5F57 /* Embed Watch Content */,
			);
			buildRules = (
			);
			dependencies = (
				3576BE8F1EF91069005D5F57 /* PBXTargetDependency */,
			);
			name = XLsn0wWatchKit_objc;
			productName = XLsn0wWatchKit_objc;
			productReference = 3576BE531EF90F70005D5F57 /* XLsn0wWatchKit_objc.app */;
			productType = "com.apple.product-type.application";
		};
		3576BE6E1EF91068005D5F57 /* Watch_objc */ = {
			isa = PBXNativeTarget;
			buildConfigurationList = 3576BE971EF91069005D5F57 /* Build configuration list for PBXNativeTarget "Watch_objc" */;
			buildPhases = (
				3576BE6D1EF91068005D5F57 /* Resources */,
				3576BE961EF91069005D5F57 /* Embed App Extensions */,
			);
			buildRules = (
			);
			dependencies = (
				3576BE7E1EF91069005D5F57 /* PBXTargetDependency */,
			);
			name = Watch_objc;
			productName = Watch_objc;
			productReference = 3576BE6F1EF91068005D5F57 /* Watch_objc.app */;
			productType = "com.apple.product-type.application.watchapp2";
		};
		3576BE7A1EF91068005D5F57 /* Watch_objc Extension */ = {
			isa = PBXNativeTarget;
			buildConfigurationList = 3576BE951EF91069005D5F57 /* Build configuration list for PBXNativeTarget "Watch_objc Extension" */;
			buildPhases = (
				3576BE771EF91068005D5F57 /* Sources */,
				3576BE781EF91068005D5F57 /* Frameworks */,
				3576BE791EF91068005D5F57 /* Resources */,
			);
			buildRules = (
			);
			dependencies = (
			);
			name = "Watch_objc Extension";
			productName = "Watch_objc Extension";
			productReference = 3576BE7B1EF91068005D5F57 /* Watch_objc Extension.appex */;
			productType = "com.apple.product-type.watchkit2-extension";
		};
/* End PBXNativeTarget section */

/* Begin PBXProject section */
		3576BE4B1EF90F70005D5F57 /* Project object */ = {
			isa = PBXProject;
			attributes = {
				LastUpgradeCheck = 0830;
				ORGANIZATIONNAME = XLsn0w;
				TargetAttributes = {
					3576BE521EF90F70005D5F57 = {
						CreatedOnToolsVersion = 8.3.3;
						DevelopmentTeam = 7L4YK5W6WP;
						ProvisioningStyle = Automatic;
					};
					3576BE6E1EF91068005D5F57 = {
						CreatedOnToolsVersion = 8.3.3;
						DevelopmentTeam = 7L4YK5W6WP;
						ProvisioningStyle = Automatic;
					};
					3576BE7A1EF91068005D5F57 = {
						CreatedOnToolsVersion = 8.3.3;
						DevelopmentTeam = 7L4YK5W6WP;
						ProvisioningStyle = Automatic;
					};
				};
			};
			buildConfigurationList = 3576BE4E1EF90F70005D5F57 /* Build configuration list for PBXProject "XLsn0wWatchKit_objc" */;
			compatibilityVersion = "Xcode 3.2";
			developmentRegion = English;
			hasScannedForEncodings = 0;
			knownRegions = (
				en,
				Base,
			);
			mainGroup = 3576BE4A1EF90F70005D5F57;
			productRefGroup = 3576BE541EF90F70005D5F57 /* Products */;
			projectDirPath = "";
			projectRoot = "";
			targets = (
				3576BE521EF90F70005D5F57 /* XLsn0wWatchKit_objc */,
				3576BE6E1EF91068005D5F57 /* Watch_objc */,
				3576BE7A1EF91068005D5F57 /* Watch_objc Extension */,
			);
		};
/* End PBXProject section */

/* Begin PBXResourcesBuildPhase section */
		3576BE511EF90F70005D5F57 /* Resources */ = {
			isa = PBXResourcesBuildPhase;
			buildActionMask = 2147483647;
			files = (
				3576BE661EF90F70005D5F57 /* LaunchScreen.storyboard in Resources */,
				3576BE631EF90F70005D5F57 /* Assets.xcassets in Resources */,
				3576BE611EF90F70005D5F57 /* Main.storyboard in Resources */,
			);
			runOnlyForDeploymentPostprocessing = 0;
		};
		3576BE6D1EF91068005D5F57 /* Resources */ = {
			isa = PBXResourcesBuildPhase;
			buildActionMask = 2147483647;
			files = (
				3576BE751EF91068005D5F57 /* Assets.xcassets in Resources */,
				3576BE731EF91068005D5F57 /* Interface.storyboard in Resources */,
			);
			runOnlyForDeploymentPostprocessing = 0;
		};
		3576BE791EF91068005D5F57 /* Resources */ = {
			isa = PBXResourcesBuildPhase;
			buildActionMask = 2147483647;
			files = (
				3576BE8C1EF91069005D5F57 /* Assets.xcassets in Resources */,
			);
			runOnlyForDeploymentPostprocessing = 0;
		};
/* End PBXResourcesBuildPhase section */

/* Begin PBXSourcesBuildPhase section */
		3576BE4F1EF90F70005D5F57 /* Sources */ = {
			isa = PBXSourcesBuildPhase;
			buildActionMask = 2147483647;
			files = (
				3576BE5E1EF90F70005D5F57 /* ViewController.m in Sources */,
				3576BE5B1EF90F70005D5F57 /* AppDelegate.m in Sources */,
				3576BE581EF90F70005D5F57 /* main.m in Sources */,
			);
			runOnlyForDeploymentPostprocessing = 0;
		};
		3576BE771EF91068005D5F57 /* Sources */ = {
			isa = PBXSourcesBuildPhase;
			buildActionMask = 2147483647;
			files = (
				3576BE871EF91069005D5F57 /* ExtensionDelegate.m in Sources */,
				3576BEC91EF9116A005D5F57 /* HiSchoolCell.m in Sources */,
				3576BE841EF91069005D5F57 /* InterfaceController.m in Sources */,
				3576BEC61EF91164005D5F57 /* HiSchool.m in Sources */,
				3576BE8A1EF91069005D5F57 /* NotificationController.m in Sources */,
			);
			runOnlyForDeploymentPostprocessing = 0;
		};
/* End PBXSourcesBuildPhase section */

/* Begin PBXTargetDependency section */
		3576BE7E1EF91069005D5F57 /* PBXTargetDependency */ = {
			isa = PBXTargetDependency;
			target = 3576BE7A1EF91068005D5F57 /* Watch_objc Extension */;
			targetProxy = 3576BE7D1EF91069005D5F57 /* PBXContainerItemProxy */;
		};
		3576BE8F1EF91069005D5F57 /* PBXTargetDependency */ = {
			isa = PBXTargetDependency;
			target = 3576BE6E1EF91068005D5F57 /* Watch_objc */;
			targetProxy = 3576BE8E1EF91069005D5F57 /* PBXContainerItemProxy */;
		};
/* End PBXTargetDependency section */

/* Begin PBXVariantGroup section */
		3576BE5F1EF90F70005D5F57 /* Main.storyboard */ = {
			isa = PBXVariantGroup;
			children = (
				3576BE601EF90F70005D5F57 /* Base */,
			);
			name = Main.storyboard;
			sourceTree = "<group>";
		};
		3576BE641EF90F70005D5F57 /* LaunchScreen.storyboard */ = {
			isa = PBXVariantGroup;
			children = (
				3576BE651EF90F70005D5F57 /* Base */,
			);
			name = LaunchScreen.storyboard;
			sourceTree = "<group>";
		};
		3576BE711EF91068005D5F57 /* Interface.storyboard */ = {
			isa = PBXVariantGroup;
			children = (
				3576BE721EF91068005D5F57 /* Base */,
			);
			name = Interface.storyboard;
			sourceTree = "<group>";
		};
/* End PBXVariantGroup section */

/* Begin XCBuildConfiguration section */
		3576BE681EF90F70005D5F57 /* Debug */ = {
			isa = XCBuildConfiguration;
			buildSettings = {
				ALWAYS_SEARCH_USER_PATHS = NO;
				CLANG_ANALYZER_NONNULL = YES;
				CLANG_ANALYZER_NUMBER_OBJECT_CONVERSION = YES_AGGRESSIVE;
				CLANG_CXX_LANGUAGE_STANDARD = "gnu++0x";
				CLANG_CXX_LIBRARY = "libc++";
				CLANG_ENABLE_MODULES = YES;
				CLANG_ENABLE_OBJC_ARC = YES;
				CLANG_WARN_BOOL_CONVERSION = YES;
				CLANG_WARN_CONSTANT_CONVERSION = YES;
				CLANG_WARN_DIRECT_OBJC_ISA_USAGE = YES_ERROR;
				CLANG_WARN_DOCUMENTATION_COMMENTS = YES;
				CLANG_WARN_EMPTY_BODY = YES;
				CLANG_WARN_ENUM_CONVERSION = YES;
				CLANG_WARN_INFINITE_RECURSION = YES;
				CLANG_WARN_INT_CONVERSION = YES;
				CLANG_WARN_OBJC_ROOT_CLASS = YES_ERROR;
				CLANG_WARN_SUSPICIOUS_MOVE = YES;
				CLANG_WARN_UNREACHABLE_CODE = YES;
				CLANG_WARN__DUPLICATE_METHOD_MATCH = YES;
				"CODE_SIGN_IDENTITY[sdk=iphoneos*]" = "iPhone Developer";
				COPY_PHASE_STRIP = NO;
				DEBUG_INFORMATION_FORMAT = dwarf;
				ENABLE_STRICT_OBJC_MSGSEND = YES;
				ENABLE_TESTABILITY = YES;
				GCC_C_LANGUAGE_STANDARD = gnu99;
				GCC_DYNAMIC_NO_PIC = NO;
				GCC_NO_COMMON_BLOCKS = YES;
				GCC_OPTIMIZATION_LEVEL = 0;
				GCC_PREPROCESSOR_DEFINITIONS = (
					"DEBUG=1",
					"$(inherited)",
				);
				GCC_WARN_64_TO_32_BIT_CONVERSION = YES;
				GCC_WARN_ABOUT_RETURN_TYPE = YES_ERROR;
				GCC_WARN_UNDECLARED_SELECTOR = YES;
				GCC_WARN_UNINITIALIZED_AUTOS = YES_AGGRESSIVE;
				GCC_WARN_UNUSED_FUNCTION = YES;
				GCC_WARN_UNUSED_VARIABLE = YES;
				IPHONEOS_DEPLOYMENT_TARGET = 10.3;
				MTL_ENABLE_DEBUG_INFO = YES;
				ONLY_ACTIVE_ARCH = YES;
				SDKROOT = iphoneos;
			};
			name = Debug;
		};
		3576BE691EF90F70005D5F57 /* Release */ = {
			isa = XCBuildConfiguration;
			buildSettings = {
				ALWAYS_SEARCH_USER_PATHS = NO;
				CLANG_ANALYZER_NONNULL = YES;
				CLANG_ANALYZER_NUMBER_OBJECT_CONVERSION = YES_AGGRESSIVE;
				CLANG_CXX_LANGUAGE_STANDARD = "gnu++0x";
				CLANG_CXX_LIBRARY = "libc++";
				CLANG_ENABLE_MODULES = YES;
				CLANG_ENABLE_OBJC_ARC = YES;
				CLANG_WARN_BOOL_CONVERSION = YES;
				CLANG_WARN_CONSTANT_CONVERSION = YES;
				CLANG_WARN_DIRECT_OBJC_ISA_USAGE = YES_ERROR;
				CLANG_WARN_DOCUMENTATION_COMMENTS = YES;
				CLANG_WARN_EMPTY_BODY = YES;
				CLANG_WARN_ENUM_CONVERSION = YES;
				CLANG_WARN_INFINITE_RECURSION = YES;
				CLANG_WARN_INT_CONVERSION = YES;
				CLANG_WARN_OBJC_ROOT_CLASS = YES_ERROR;
				CLANG_WARN_SUSPICIOUS_MOVE = YES;
				CLANG_WARN_UNREACHABLE_CODE = YES;
				CLANG_WARN__DUPLICATE_METHOD_MATCH = YES;
				"CODE_SIGN_IDENTITY[sdk=iphoneos*]" = "iPhone Developer";
				COPY_PHASE_STRIP = NO;
				DEBUG_INFORMATION_FORMAT = "dwarf-with-dsym";
				ENABLE_NS_ASSERTIONS = NO;
				ENABLE_STRICT_OBJC_MSGSEND = YES;
				GCC_C_LANGUAGE_STANDARD = gnu99;
				GCC_NO_COMMON_BLOCKS = YES;
				GCC_WARN_64_TO_32_BIT_CONVERSION = YES;
				GCC_WARN_ABOUT_RETURN_TYPE = YES_ERROR;
				GCC_WARN_UNDECLARED_SELECTOR = YES;
				GCC_WARN_UNINITIALIZED_AUTOS = YES_AGGRESSIVE;
				GCC_WARN_UNUSED_FUNCTION = YES;
				GCC_WARN_UNUSED_VARIABLE = YES;
				IPHONEOS_DEPLOYMENT_TARGET = 10.3;
				MTL_ENABLE_DEBUG_INFO = NO;
				SDKROOT = iphoneos;
				VALIDATE_PRODUCT = YES;
			};
			name = Release;
		};
		3576BE6B1EF90F70005D5F57 /* Debug */ = {
			isa = XCBuildConfiguration;
			buildSettings = {
				ASSETCATALOG_COMPILER_APPICON_NAME = AppIcon;
				DEVELOPMENT_TEAM = 7L4YK5W6WP;
				INFOPLIST_FILE = XLsn0wWatchKit_objc/Info.plist;
				LD_RUNPATH_SEARCH_PATHS = "$(inherited) @executable_path/Frameworks";
				PRODUCT_BUNDLE_IDENTIFIER = "com.xlsn0w.XLsn0wWatchKit-objc";
				PRODUCT_NAME = "$(TARGET_NAME)";
			};
			name = Debug;
		};
		3576BE6C1EF90F70005D5F57 /* Release */ = {
			isa = XCBuildConfiguration;
			buildSettings = {
				ASSETCATALOG_COMPILER_APPICON_NAME = AppIcon;
				DEVELOPMENT_TEAM = 7L4YK5W6WP;
				INFOPLIST_FILE = XLsn0wWatchKit_objc/Info.plist;
				LD_RUNPATH_SEARCH_PATHS = "$(inherited) @executable_path/Frameworks";
				PRODUCT_BUNDLE_IDENTIFIER = "com.xlsn0w.XLsn0wWatchKit-objc";
				PRODUCT_NAME = "$(TARGET_NAME)";
			};
			name = Release;
		};
		3576BE911EF91069005D5F57 /* Debug */ = {
			isa = XCBuildConfiguration;
			buildSettings = {
				ASSETCATALOG_COMPILER_APPICON_NAME = AppIcon;
				DEVELOPMENT_TEAM = 7L4YK5W6WP;
				IBSC_MODULE = Watch_objc_Extension;
				INFOPLIST_FILE = Watch_objc/Info.plist;
				PRODUCT_BUNDLE_IDENTIFIER = "com.xlsn0w.XLsn0wWatchKit-objc.watchkitapp";
				PRODUCT_NAME = "$(TARGET_NAME)";
				SDKROOT = watchos;
				SKIP_INSTALL = YES;
				TARGETED_DEVICE_FAMILY = 4;
				WATCHOS_DEPLOYMENT_TARGET = 3.2;
			};
			name = Debug;
		};
		3576BE921EF91069005D5F57 /* Release */ = {
			isa = XCBuildConfiguration;
			buildSettings = {
				ASSETCATALOG_COMPILER_APPICON_NAME = AppIcon;
				DEVELOPMENT_TEAM = 7L4YK5W6WP;
				IBSC_MODULE = Watch_objc_Extension;
				INFOPLIST_FILE = Watch_objc/Info.plist;
				PRODUCT_BUNDLE_IDENTIFIER = "com.xlsn0w.XLsn0wWatchKit-objc.watchkitapp";
				PRODUCT_NAME = "$(TARGET_NAME)";
				SDKROOT = watchos;
				SKIP_INSTALL = YES;
				TARGETED_DEVICE_FAMILY = 4;
				WATCHOS_DEPLOYMENT_TARGET = 3.2;
			};
			name = Release;
		};
		3576BE931EF91069005D5F57 /* Debug */ = {
			isa = XCBuildConfiguration;
			buildSettings = {
				ASSETCATALOG_COMPILER_COMPLICATION_NAME = Complication;
				DEVELOPMENT_TEAM = 7L4YK5W6WP;
				INFOPLIST_FILE = "Watch_objc Extension/Info.plist";
				LD_RUNPATH_SEARCH_PATHS = "$(inherited) @executable_path/Frameworks @executable_path/../../Frameworks";
				PRODUCT_BUNDLE_IDENTIFIER = "com.xlsn0w.XLsn0wWatchKit-objc.watchkitapp.watchkitextension";
				PRODUCT_NAME = "${TARGET_NAME}";
				SDKROOT = watchos;
				SKIP_INSTALL = YES;
				TARGETED_DEVICE_FAMILY = 4;
				WATCHOS_DEPLOYMENT_TARGET = 3.2;
			};
			name = Debug;
		};
		3576BE941EF91069005D5F57 /* Release */ = {
			isa = XCBuildConfiguration;
			buildSettings = {
				ASSETCATALOG_COMPILER_COMPLICATION_NAME = Complication;
				DEVELOPMENT_TEAM = 7L4YK5W6WP;
				INFOPLIST_FILE = "Watch_objc Extension/Info.plist";
				LD_RUNPATH_SEARCH_PATHS = "$(inherited) @executable_path/Frameworks @executable_path/../../Frameworks";
				PRODUCT_BUNDLE_IDENTIFIER = "com.xlsn0w.XLsn0wWatchKit-objc.watchkitapp.watchkitextension";
				PRODUCT_NAME = "${TARGET_NAME}";
				SDKROOT = watchos;
				SKIP_INSTALL = YES;
				TARGETED_DEVICE_FAMILY = 4;
				WATCHOS_DEPLOYMENT_TARGET = 3.2;
			};
			name = Release;
		};
/* End XCBuildConfiguration section */

/* Begin XCConfigurationList section */
		3576BE4E1EF90F70005D5F57 /* Build configuration list for PBXProject "XLsn0wWatchKit_objc" */ = {
			isa = XCConfigurationList;
			buildConfigurations = (
				3576BE681EF90F70005D5F57 /* Debug */,
				3576BE691EF90F70005D5F57 /* Release */,
			);
			defaultConfigurationIsVisible = 0;
			defaultConfigurationName = Release;
		};
		3576BE6A1EF90F70005D5F57 /* Build configuration list for PBXNativeTarget "XLsn0wWatchKit_objc" */ = {
			isa = XCConfigurationList;
			buildConfigurations = (
				3576BE6B1EF90F70005D5F57 /* Debug */,
				3576BE6C1EF90F70005D5F57 /* Release */,
			);
			defaultConfigurationIsVisible = 0;
			defaultConfigurationName = Release;
		};
		3576BE951EF91069005D5F57 /* Build configuration list for PBXNativeTarget "Watch_objc Extension" */ = {
			isa = XCConfigurationList;
			buildConfigurations = (
				3576BE931EF91069005D5F57 /* Debug */,
				3576BE941EF91069005D5F57 /* Release */,
			);
			defaultConfigurationIsVisible = 0;
		};
		3576BE971EF91069005D5F57 /* Build configuration list for PBXNativeTarget "Watch_objc" */ = {
			isa = XCConfigurationList;
			buildConfigurations = (
				3576BE911EF91069005D5F57 /* Debug */,
				3576BE921EF91069005D5F57 /* Release */,
			);
			defaultConfigurationIsVisible = 0;
		};
/* End XCConfigurationList section */
	};
	rootObject = 3576BE4B1EF90F70005D5F57 /* Project object */;
}
